{
  "name": "gridsome-plugin-remark-prismjs-all",
  "version": "0.3.5",
  "lockfileVersion": 1,
  "requires": true,
  "dependencies": {
    "@types/unist": {
      "version": "2.0.3",
      "resolved": "https://registry.npmjs.org/@types/unist/-/unist-2.0.3.tgz",
      "integrity": "sha512-FvUupuM3rlRsRtCN+fDudtmytGO6iHJuuRKS1Ss0pG5z8oX0diNEw94UEL7hgDbpN94rgaK5R7sWm6RrSkZuAQ=="
    },
    "ambi": {
      "version": "3.2.0",
      "resolved": "https://registry.npmjs.org/ambi/-/ambi-3.2.0.tgz",
      "integrity": "sha512-nj5sHLPFd7u2OLmHdFs4DHt3gK6edpNw35hTRIKyI/Vd2Th5e4io50rw1lhmCdUNO2Mm4/4FkHmv6shEANAWcw==",
      "dev": true,
      "requires": {
        "editions": "^2.1.0",
        "typechecker": "^4.3.0"
      },
      "dependencies": {
        "typechecker": {
          "version": "4.11.0",
          "resolved": "https://registry.npmjs.org/typechecker/-/typechecker-4.11.0.tgz",
          "integrity": "sha512-lz39Mc/d1UBcF/uQFL5P8L+oWdIn/stvkUgHf0tPRW4aEwGGErewNXo2Nb6We2WslWifn00rhcHbbRWRcTGhuw==",
          "dev": true,
          "requires": {
            "editions": "^2.2.0"
          }
        }
      }
    },
    "ansi-regex": {
      "version": "2.1.1",
      "resolved": "https://registry.npmjs.org/ansi-regex/-/ansi-regex-2.1.1.tgz",
      "integrity": "sha1-w7M6te42DYbg5ijwRorn7yfWVN8=",
      "dev": true
    },
    "ansicolors": {
      "version": "0.3.2",
      "resolved": "https://registry.npmjs.org/ansicolors/-/ansicolors-0.3.2.tgz",
      "integrity": "sha1-ZlWX3oap/+Oqm/vmyuXG6kJrSXk=",
      "dev": true
    },
    "ansistyles": {
      "version": "0.1.3",
      "resolved": "https://registry.npmjs.org/ansistyles/-/ansistyles-0.1.3.tgz",
      "integrity": "sha1-XeYEFb2gcbs3EnhUyGT0GyMlRTk=",
      "dev": true
    },
    "async": {
      "version": "1.5.2",
      "resolved": "https://registry.npmjs.org/async/-/async-1.5.2.tgz",
      "integrity": "sha1-7GphrlZIDAw8skHJVhjiCJL5Zyo=",
      "dev": true
    },
    "badges": {
      "version": "3.1.0",
      "resolved": "https://registry.npmjs.org/badges/-/badges-3.1.0.tgz",
      "integrity": "sha512-BiwQA2WJNNDKVaZ6n7QRW8O6mUAAq8GWDtofDNDKae4UqQ35yfxe904HXp2B8h+Z021LryfkxafOb7Y2vtDYsw==",
      "dev": true
    },
    "balanced-match": {
      "version": "1.0.0",
      "resolved": "https://registry.npmjs.org/balanced-match/-/balanced-match-1.0.0.tgz",
      "integrity": "sha1-ibTRmasr7kneFk6gK4nORi1xt2c=",
      "dev": true
    },
    "brace-expansion": {
      "version": "1.1.11",
      "resolved": "https://registry.npmjs.org/brace-expansion/-/brace-expansion-1.1.11.tgz",
      "integrity": "sha512-iCuPHDFgrHX7H2vEI/5xpz07zSHB00TpugqhmYtVmMO6518mCuRMoOYFldEBl0g187ufozdaHgWKcYFb61qGiA==",
      "dev": true,
      "requires": {
        "balanced-match": "^1.0.0",
        "concat-map": "0.0.1"
      }
    },
    "camelcase": {
      "version": "2.1.1",
      "resolved": "https://registry.npmjs.org/camelcase/-/camelcase-2.1.1.tgz",
      "integrity": "sha1-fB0W1nmhu+WcoCys7PsBHiAfWh8=",
      "dev": true
    },
    "caterpillar": {
      "version": "4.0.0",
      "resolved": "https://registry.npmjs.org/caterpillar/-/caterpillar-4.0.0.tgz",
      "integrity": "sha512-Rjd88DeNHEck+TMZj//dvz/h7y7p4JlErEofh5SKx/fICwKPDkRurwXn+WER/j5ETteekEN0qNTs25eAc/i2wQ==",
      "dev": true,
      "requires": {
        "extendr": "^4.1.0",
        "rfc-log-levels": "^2.1.0"
      }
    },
    "caterpillar-filter": {
      "version": "4.5.0",
      "resolved": "https://registry.npmjs.org/caterpillar-filter/-/caterpillar-filter-4.5.0.tgz",
      "integrity": "sha512-hRdun1aqZRjB8qondCgcIZZL6uLE47l3hT+fM4VXFHaOgnSxNwES35VWXBTg3YTf10FWPhjJHfa15wd1GqlDlg==",
      "dev": true
    },
    "caterpillar-human": {
      "version": "4.5.0",
      "resolved": "https://registry.npmjs.org/caterpillar-human/-/caterpillar-human-4.5.0.tgz",
      "integrity": "sha512-67Qk6ltnUwUSM7I968QesUSEa3ONvEROcYEKUWu/lNXbfN6wpq1pyxQvJ3ywG3UQnmCKoT2CBbvV1yVNvI2IjA==",
      "dev": true,
      "requires": {
        "ansicolors": "~0.3.2",
        "ansistyles": "~0.1.3"
      }
    },
    "clipboard": {
      "version": "2.0.4",
      "resolved": "https://registry.npmjs.org/clipboard/-/clipboard-2.0.4.tgz",
      "integrity": "sha512-Vw26VSLRpJfBofiVaFb/I8PVfdI1OxKcYShe6fm0sP/DtmiWQNCjhM/okTvdCo0G+lMMm1rMYbk4IK4x1X+kgQ==",
      "optional": true,
      "requires": {
        "good-listener": "^1.2.2",
        "select": "^1.1.2",
        "tiny-emitter": "^2.0.0"
      }
    },
    "cliui": {
      "version": "3.2.0",
      "resolved": "https://registry.npmjs.org/cliui/-/cliui-3.2.0.tgz",
      "integrity": "sha1-EgYBU3qRbSmUD5NNo7SNWFo5IT0=",
      "dev": true,
      "requires": {
        "string-width": "^1.0.1",
        "strip-ansi": "^3.0.1",
        "wrap-ansi": "^2.0.0"
      }
    },
    "code-point-at": {
      "version": "1.1.0",
      "resolved": "https://registry.npmjs.org/code-point-at/-/code-point-at-1.1.0.tgz",
      "integrity": "sha1-DQcLTQQ6W+ozovGkDi7bPZpMz3c=",
      "dev": true
    },
    "coffee-script": {
      "version": "1.12.7",
      "resolved": "https://registry.npmjs.org/coffee-script/-/coffee-script-1.12.7.tgz",
      "integrity": "sha512-fLeEhqwymYat/MpTPUjSKHVYYl0ec2mOyALEMLmzr5i1isuG+6jfI2j2d5oBO3VIzgUXgBVIcOT9uH1TFxBckw==",
      "dev": true
    },
    "commander": {
      "version": "4.1.1",
      "resolved": "https://registry.npmjs.org/commander/-/commander-4.1.1.tgz",
      "integrity": "sha512-NOKm8xhkzAjzFx8B2v5OAHT+u5pRQc2UCa2Vq9jYL/31o2wi9mxBA7LIFs3sV5VSC49z6pEhfbMULvShKj26WA==",
      "dev": true
    },
    "concat-map": {
      "version": "0.0.1",
      "resolved": "https://registry.npmjs.org/concat-map/-/concat-map-0.0.1.tgz",
      "integrity": "sha1-2Klr13/Wjfd5OnMDajug1UBdR3s=",
      "dev": true
    },
    "cson-parser": {
      "version": "1.3.5",
      "resolved": "https://registry.npmjs.org/cson-parser/-/cson-parser-1.3.5.tgz",
      "integrity": "sha1-fsZ14DkUVTO/KmqFYHPxWZ2cLSQ=",
      "dev": true,
      "requires": {
        "coffee-script": "^1.10.0"
      }
    },
    "decamelize": {
      "version": "1.2.0",
      "resolved": "https://registry.npmjs.org/decamelize/-/decamelize-1.2.0.tgz",
      "integrity": "sha1-9lNNFRSCabIDUue+4m9QH5oZEpA=",
      "dev": true
    },
    "delegate": {
      "version": "3.2.0",
      "resolved": "https://registry.npmjs.org/delegate/-/delegate-3.2.0.tgz",
      "integrity": "sha512-IofjkYBZaZivn0V8nnsMJGBr4jVLxHDheKSW88PyxS5QC4Vo9ZbZVvhzlSxY87fVq3STR6r+4cGepyHkcWOQSw==",
      "optional": true
    },
    "eachr": {
      "version": "4.5.0",
      "resolved": "https://registry.npmjs.org/eachr/-/eachr-4.5.0.tgz",
      "integrity": "sha512-9I664RWp6p8jvcHZIwo7bWaiSaUmA1wNSLKwNZEiaYjqiTARq3cGjyRiIunsopZv4QMmX3T5Hs17QoPAzdYxfg==",
      "dev": true,
      "requires": {
        "typechecker": "^6.2.0"
      }
    },
    "editions": {
      "version": "2.3.0",
      "resolved": "https://registry.npmjs.org/editions/-/editions-2.3.0.tgz",
      "integrity": "sha512-jeXYwHPKbitU1l14dWlsl5Nm+b1Hsm7VX73BsrQ4RVwEcAQQIPFHTZAbVtuIGxZBrpdT2FXd8lbtrNBrzZxIsA==",
      "dev": true,
      "requires": {
        "errlop": "^2.0.0",
        "semver": "^6.3.0"
      }
    },
    "errlop": {
      "version": "2.0.0",
      "resolved": "https://registry.npmjs.org/errlop/-/errlop-2.0.0.tgz",
      "integrity": "sha512-z00WIrQhtOMUnjdTG0O4f6hMG64EVccVDBy2WwgjcF8S4UB1exGYuc2OFwmdQmsJwLQVEIHWHPCz/omXXgAZHw==",
      "dev": true
    },
    "extendr": {
      "version": "4.3.0",
      "resolved": "https://registry.npmjs.org/extendr/-/extendr-4.3.0.tgz",
      "integrity": "sha512-dItKsxlvr88XmYDHehqN6eVX3DPxLAqj5nyAGsaSqJ74jyvStEg5LV2bT84w/+TiI/eXuevZqbYPrqGRFKSaTw==",
      "dev": true,
      "requires": {
        "typechecker": "^6.2.0"
      }
    },
    "extract-opts": {
      "version": "4.3.0",
      "resolved": "https://registry.npmjs.org/extract-opts/-/extract-opts-4.3.0.tgz",
      "integrity": "sha512-Dmssi1tgKJkQsVmbP7TgW/kbdc42SAsNf6h9ClweP+dS7O24YYMTXsNwPelxhx0LF15npiWwY5ahKtyQiNgxWA==",
      "dev": true,
      "requires": {
        "eachr": "^4.5.0",
        "typechecker": "^6.2.0"
      }
    },
    "fellow": {
      "version": "3.3.0",
      "resolved": "https://registry.npmjs.org/fellow/-/fellow-3.3.0.tgz",
      "integrity": "sha512-M+cZi9OHu8H/o/no3fYeNkCnS4ZozpDo78K5szwlBcsGTkVubjUvpeJmsPJMvMxEvGA+9mo/itzOR46lvJLfiA==",
      "dev": true
    },
    "fs-plus": {
      "version": "3.1.1",
      "resolved": "https://registry.npmjs.org/fs-plus/-/fs-plus-3.1.1.tgz",
      "integrity": "sha512-Se2PJdOWXqos1qVTkvqqjb0CSnfBnwwD+pq+z4ksT+e97mEShod/hrNg0TRCCsXPbJzcIq+NuzQhigunMWMJUA==",
      "dev": true,
      "requires": {
        "async": "^1.5.2",
        "mkdirp": "^0.5.1",
        "rimraf": "^2.5.2",
        "underscore-plus": "1.x"
      }
    },
    "fs.realpath": {
      "version": "1.0.0",
      "resolved": "https://registry.npmjs.org/fs.realpath/-/fs.realpath-1.0.0.tgz",
      "integrity": "sha1-FQStJSMVjKpA20onh8sBQRmU6k8=",
      "dev": true
    },
    "githubauthquerystring": {
      "version": "2.3.0",
      "resolved": "https://registry.npmjs.org/githubauthquerystring/-/githubauthquerystring-2.3.0.tgz",
      "integrity": "sha512-b7gmAOD8WX3lx+DlvB/xudYcCIibPvm/KPsAYUxXQ5UdZsXeX0ZzU/V1JI7kvSe7j5UZMHUEgI7wTB0z/L5t3A==",
      "dev": true
    },
    "glob": {
      "version": "7.1.6",
      "resolved": "https://registry.npmjs.org/glob/-/glob-7.1.6.tgz",
      "integrity": "sha512-LwaxwyZ72Lk7vZINtNNrywX0ZuLyStrdDtabefZKAY5ZGJhVtgdznluResxNmPitE0SAO+O26sWTHeKSI2wMBA==",
      "dev": true,
      "requires": {
        "fs.realpath": "^1.0.0",
        "inflight": "^1.0.4",
        "inherits": "2",
        "minimatch": "^3.0.4",
        "once": "^1.3.0",
        "path-is-absolute": "^1.0.0"
      }
    },
    "good-listener": {
      "version": "1.2.2",
      "resolved": "https://registry.npmjs.org/good-listener/-/good-listener-1.2.2.tgz",
      "integrity": "sha1-1TswzfkxPf+33JoNR3CWqm0UXFA=",
      "optional": true,
      "requires": {
        "delegate": "^3.1.2"
      }
    },
    "graceful-fs": {
      "version": "4.2.3",
      "resolved": "https://registry.npmjs.org/graceful-fs/-/graceful-fs-4.2.3.tgz",
      "integrity": "sha512-a30VEBm4PEdx1dRB7MFK7BejejvCvBronbLjht+sHuGYj8PHs7M/5Z+rt5lw551vZ7yfTCj4Vuyy3mSJytDWRQ==",
      "dev": true
    },
    "inflight": {
      "version": "1.0.6",
      "resolved": "https://registry.npmjs.org/inflight/-/inflight-1.0.6.tgz",
      "integrity": "sha1-Sb1jMdfQLQwJvJEKEHW6gWW1bfk=",
      "dev": true,
      "requires": {
        "once": "^1.3.0",
        "wrappy": "1"
      }
    },
    "inherits": {
      "version": "2.0.4",
      "resolved": "https://registry.npmjs.org/inherits/-/inherits-2.0.4.tgz",
      "integrity": "sha512-k/vGaX4/Yla3WzyMCvTQOXYeIHvqOKtnqBduzTHpzpQZzAskKMhZ2K+EnBiSM9zGSoIFeMpXKxa4dYeZIQqewQ==",
      "dev": true
    },
    "invert-kv": {
      "version": "1.0.0",
      "resolved": "https://registry.npmjs.org/invert-kv/-/invert-kv-1.0.0.tgz",
      "integrity": "sha1-EEqOSqym09jNFXqO+L+rLXo//bY=",
      "dev": true
    },
    "is-fullwidth-code-point": {
      "version": "1.0.0",
      "resolved": "https://registry.npmjs.org/is-fullwidth-code-point/-/is-fullwidth-code-point-1.0.0.tgz",
      "integrity": "sha1-754xOG8DGn8NZDr4L95QxFfvAMs=",
      "dev": true,
      "requires": {
        "number-is-nan": "^1.0.0"
      }
    },
    "lcid": {
      "version": "1.0.0",
      "resolved": "https://registry.npmjs.org/lcid/-/lcid-1.0.0.tgz",
      "integrity": "sha1-MIrMr6C8SDo4Z7S28rlQYlHRuDU=",
      "dev": true,
      "requires": {
        "invert-kv": "^1.0.0"
      }
    },
    "lodash": {
      "version": "4.17.15",
      "resolved": "https://registry.npmjs.org/lodash/-/lodash-4.17.15.tgz",
      "integrity": "sha512-8xOcRHvCjnocdS5cpwXQXVzmmh5e5+saE2QGoeQmbKmRS6J3VQppPOIt0MnmE+4xlZoumy0GPG0D0MVIQbNA1A=="
    },
    "minimatch": {
      "version": "3.0.4",
      "resolved": "https://registry.npmjs.org/minimatch/-/minimatch-3.0.4.tgz",
      "integrity": "sha512-yJHVQEhyqPLUTgt9B83PXu6W3rx4MvvHvSUvToogpwoGDOUQ+yDrR0HRot+yOCdCO7u4hX3pWft6kWBBcqh0UA==",
      "dev": true,
      "requires": {
        "brace-expansion": "^1.1.7"
      }
    },
    "minimist": {
      "version": "0.0.8",
      "resolved": "https://registry.npmjs.org/minimist/-/minimist-0.0.8.tgz",
      "integrity": "sha1-hX/Kv8M5fSYluCKCYuhqp6ARsF0=",
      "dev": true
    },
    "mkdirp": {
      "version": "0.5.1",
      "resolved": "https://registry.npmjs.org/mkdirp/-/mkdirp-0.5.1.tgz",
      "integrity": "sha1-MAV0OOrGz3+MR2fzhkjWaX11yQM=",
      "dev": true,
      "requires": {
        "minimist": "0.0.8"
      }
    },
    "node-fetch": {
      "version": "2.6.1",
      "resolved": "https://registry.npmjs.org/node-fetch/-/node-fetch-2.6.1.tgz",
      "integrity": "sha512-V4aYg89jEoVRxRb2fJdAg8FHvI7cEyYdVAh94HH0UIK8oJxUfkjlDQN9RbMx+bEjP7+ggMiFRprSti032Oipxw==",
      "dev": true
    },
    "number-is-nan": {
      "version": "1.0.1",
      "resolved": "https://registry.npmjs.org/number-is-nan/-/number-is-nan-1.0.1.tgz",
      "integrity": "sha1-CXtgK1NCKlIsGvuHkDGDNpQaAR0=",
      "dev": true
    },
    "once": {
      "version": "1.4.0",
      "resolved": "https://registry.npmjs.org/once/-/once-1.4.0.tgz",
      "integrity": "sha1-WDsap3WWHUsROsF9nFC6753Xa9E=",
      "dev": true,
      "requires": {
        "wrappy": "1"
      }
    },
    "os-locale": {
      "version": "1.4.0",
      "resolved": "https://registry.npmjs.org/os-locale/-/os-locale-1.4.0.tgz",
      "integrity": "sha1-IPnxeuKe00XoveWDsT0gCYA8FNk=",
      "dev": true,
      "requires": {
        "lcid": "^1.0.0"
      }
    },
    "parse-numeric-range": {
      "version": "0.0.2",
      "resolved": "https://registry.npmjs.org/parse-numeric-range/-/parse-numeric-range-0.0.2.tgz",
      "integrity": "sha1-tPCdQTx6282Yf26SM8e0shDJOOQ="
    },
    "path-is-absolute": {
      "version": "1.0.1",
      "resolved": "https://registry.npmjs.org/path-is-absolute/-/path-is-absolute-1.0.1.tgz",
      "integrity": "sha1-F0uSaHNVNP+8es5r9TpanhtcX18=",
      "dev": true
    },
    "prismjs": {
      "version": "1.19.0",
      "resolved": "https://registry.npmjs.org/prismjs/-/prismjs-1.19.0.tgz",
      "integrity": "sha512-IVFtbW9mCWm9eOIaEkNyo2Vl4NnEifis2GQ7/MLRG5TQe6t+4Sj9J5QWI9i3v+SS43uZBlCAOn+zYTVYQcPXJw==",
      "requires": {
        "clipboard": "^2.0.0"
      }
    },
    "projectz": {
      "version": "1.19.0",
      "resolved": "https://registry.npmjs.org/projectz/-/projectz-1.19.0.tgz",
      "integrity": "sha512-oVrYdkIiJs0jFyRv5R5luKPFcE8ZlcpEre3mD3bbJkWfvfBYgwbzvBs1OjHcz7ZAlopf43jiQEHmMwrDuvN0tw==",
      "dev": true,
      "requires": {
        "badges": "^3.1.0",
        "caterpillar": "^4.0.0",
        "caterpillar-filter": "^4.5.0",
        "caterpillar-human": "^4.5.0",
        "commander": "^4.0.1",
        "eachr": "^4.5.0",
        "extendr": "^4.3.0",
        "fellow": "^3.3.0",
        "githubauthquerystring": "2.3.0",
        "node-fetch": "^2.6.0",
        "safefs": "^5.5.0",
        "season": "^6.0.2",
        "spdx-expression-parse": "^3.0.0",
        "spdx-license-list": "^6.1.0",
        "taskgroup": "^6.5.0",
        "typechecker": "^6.3.0"
      }
    },
    "rfc-log-levels": {
      "version": "2.3.0",
      "resolved": "https://registry.npmjs.org/rfc-log-levels/-/rfc-log-levels-2.3.0.tgz",
      "integrity": "sha512-TzUwyrMWKdAN3rTi3oaQJeTrHp9aXtf2BglADhIJ0ZL5nxsOYnKnkOus2SDUoVpR9EJrmphrPGGpbOr9jYG+1A==",
      "dev": true
    },
    "rimraf": {
      "version": "2.7.1",
      "resolved": "https://registry.npmjs.org/rimraf/-/rimraf-2.7.1.tgz",
      "integrity": "sha512-uWjbaKIK3T1OSVptzX7Nl6PvQ3qAGtKEtVRjRuazjfL3Bx5eI409VZSqgND+4UNnmzLVdPj9FqFJNPqBZFve4w==",
      "dev": true,
      "requires": {
        "glob": "^7.1.3"
      }
    },
    "safefs": {
      "version": "5.5.0",
      "resolved": "https://registry.npmjs.org/safefs/-/safefs-5.5.0.tgz",
      "integrity": "sha512-I8wa7h8Z9OpyULYkEiQoUEtAvPOlsvmYSmD2PD0hVUs4Hhr5BHor8NDSg3qWikIba0+yz3xww0IrLvzCstYVFQ==",
      "dev": true,
      "requires": {
        "graceful-fs": "^4.2.3"
      }
    },
    "safeps": {
      "version": "9.3.0",
      "resolved": "https://registry.npmjs.org/safeps/-/safeps-9.3.0.tgz",
      "integrity": "sha512-yrrv0AO4j3+ULwUy8OfbnbtPZCHTfcfDIh3TMzHcqgfX+WWYHGPobbLlEviDHeSk7T8uG3lDr02U+z1vp6SVYQ==",
      "dev": true,
      "requires": {
        "extract-opts": "^4.3.0",
        "safefs": "^5.4.0",
        "taskgroup": "^6.4.0",
        "typechecker": "^6.2.0"
      }
    },
    "season": {
      "version": "6.0.2",
      "resolved": "https://registry.npmjs.org/season/-/season-6.0.2.tgz",
      "integrity": "sha1-naWPsd3SSCTXYhstxjpxI7UCF7Y=",
      "dev": true,
      "requires": {
        "cson-parser": "^1.3.0",
        "fs-plus": "^3.0.0",
        "yargs": "^3.23.0"
      }
    },
    "select": {
      "version": "1.1.2",
      "resolved": "https://registry.npmjs.org/select/-/select-1.1.2.tgz",
      "integrity": "sha1-DnNQrN7ICxEIUoeG7B1EGNEbOW0=",
      "optional": true
    },
    "semver": {
      "version": "6.3.0",
      "resolved": "https://registry.npmjs.org/semver/-/semver-6.3.0.tgz",
      "integrity": "sha512-b39TBaTSfV6yBrapU89p5fKekE2m/NwnDocOVruQFS1/veMgdzuPcnOM34M6CwxW8jH/lxEa5rBoDeUwu5HHTw==",
      "dev": true
    },
    "spdx-exceptions": {
      "version": "2.2.0",
      "resolved": "https://registry.npmjs.org/spdx-exceptions/-/spdx-exceptions-2.2.0.tgz",
      "integrity": "sha512-2XQACfElKi9SlVb1CYadKDXvoajPgBVPn/gOQLrTvHdElaVhr7ZEbqJaRnJLVNeaI4cMEAgVCeBMKF6MWRDCRA==",
      "dev": true
    },
    "spdx-expression-parse": {
      "version": "3.0.0",
      "resolved": "https://registry.npmjs.org/spdx-expression-parse/-/spdx-expression-parse-3.0.0.tgz",
      "integrity": "sha512-Yg6D3XpRD4kkOmTpdgbUiEJFKghJH03fiC1OPll5h/0sO6neh2jqRDVHOQ4o/LMea0tgCkbMgea5ip/e+MkWyg==",
      "dev": true,
      "requires": {
        "spdx-exceptions": "^2.1.0",
        "spdx-license-ids": "^3.0.0"
      }
    },
    "spdx-license-ids": {
      "version": "3.0.5",
      "resolved": "https://registry.npmjs.org/spdx-license-ids/-/spdx-license-ids-3.0.5.tgz",
      "integrity": "sha512-J+FWzZoynJEXGphVIS+XEh3kFSjZX/1i9gFBaWQcB+/tmpe2qUsSBABpcxqxnAxFdiUFEgAX1bjYGQvIZmoz9Q==",
      "dev": true
    },
    "spdx-license-list": {
      "version": "6.1.0",
      "resolved": "https://registry.npmjs.org/spdx-license-list/-/spdx-license-list-6.1.0.tgz",
      "integrity": "sha512-xiaE3KtBiylVmZrlux8tHR28HZgZ921HTXbx2fEZaDloRjbBOro79LeKttcQJ5MSDYFKG7in9v2GTAEhcR9/Qg==",
      "dev": true
    },
    "string-width": {
      "version": "1.0.2",
      "resolved": "https://registry.npmjs.org/string-width/-/string-width-1.0.2.tgz",
      "integrity": "sha1-EYvfW4zcUaKn5w0hHgfisLmxB9M=",
      "dev": true,
      "requires": {
        "code-point-at": "^1.0.0",
        "is-fullwidth-code-point": "^1.0.0",
        "strip-ansi": "^3.0.0"
      }
    },
    "strip-ansi": {
      "version": "3.0.1",
      "resolved": "https://registry.npmjs.org/strip-ansi/-/strip-ansi-3.0.1.tgz",
      "integrity": "sha1-ajhfuIU9lS1f8F0Oiq+UJ43GPc8=",
      "dev": true,
      "requires": {
        "ansi-regex": "^2.0.0"
      }
    },
    "taskgroup": {
      "version": "6.5.0",
      "resolved": "https://registry.npmjs.org/taskgroup/-/taskgroup-6.5.0.tgz",
      "integrity": "sha512-7ZWRY392GRgEld1as3Zo4gt1p0m8yeyPlAEJ01wyupurGmrXKqTT0Vkz5WhToDE2H99Y6tVXM9X6EILq8zumTg==",
      "dev": true,
      "requires": {
        "ambi": "3.2.0",
        "eachr": "^4.5.0",
        "extendr": "^4.3.0",
        "safeps": "^9.3.0",
        "unbounded": "^2.2.0"
      }
    },
    "tiny-emitter": {
      "version": "2.1.0",
      "resolved": "https://registry.npmjs.org/tiny-emitter/-/tiny-emitter-2.1.0.tgz",
      "integrity": "sha512-NB6Dk1A9xgQPMoGqC5CVXn123gWyte215ONT5Pp5a0yt4nlEoO1ZWeCwpncaekPHXO60i47ihFnZPiRPjRMq4Q==",
      "optional": true
    },
    "typechecker": {
      "version": "6.3.0",
      "resolved": "https://registry.npmjs.org/typechecker/-/typechecker-6.3.0.tgz",
      "integrity": "sha512-XZmZISfAzrzGHaC2nAwXyh/O1srpTIw/sFS5K0wGRIoWgc+bpGXJLkpI5VoZg9+2SwV6tFIS3WCb3l0bNitLag==",
      "dev": true
    },
    "unbounded": {
      "version": "2.3.0",
      "resolved": "https://registry.npmjs.org/unbounded/-/unbounded-2.3.0.tgz",
      "integrity": "sha512-gjT7NZ8g29UDlB1nrFVLWs1A2tRP3rSyCdvX2Vu185SI1PGmhjcxaCfVh64Oaz6rKBCrXwhTQD56/m+ox4FPKA==",
      "dev": true
    },
    "underscore": {
      "version": "1.9.2",
      "resolved": "https://registry.npmjs.org/underscore/-/underscore-1.9.2.tgz",
      "integrity": "sha512-D39qtimx0c1fI3ya1Lnhk3E9nONswSKhnffBI0gME9C99fYOkNi04xs8K6pePLhvl1frbDemkaBQ5ikWllR2HQ==",
      "dev": true
    },
    "underscore-plus": {
      "version": "1.7.0",
      "resolved": "https://registry.npmjs.org/underscore-plus/-/underscore-plus-1.7.0.tgz",
      "integrity": "sha512-A3BEzkeicFLnr+U/Q3EyWwJAQPbA19mtZZ4h+lLq3ttm9kn8WC4R3YpuJZEXmWdLjYP47Zc8aLZm9kwdv+zzvA==",
      "dev": true,
      "requires": {
        "underscore": "^1.9.1"
      }
    },
    "unist-util-is": {
      "version": "4.0.2",
      "resolved": "https://registry.npmjs.org/unist-util-is/-/unist-util-is-4.0.2.tgz",
      "integrity": "sha512-Ofx8uf6haexJwI1gxWMGg6I/dLnF2yE+KibhD3/diOqY2TinLcqHXCV6OI5gFVn3xQqDH+u0M625pfKwIwgBKQ=="
    },
    "unist-util-visit": {
      "version": "2.0.2",
      "resolved": "https://registry.npmjs.org/unist-util-visit/-/unist-util-visit-2.0.2.tgz",
      "integrity": "sha512-HoHNhGnKj6y+Sq+7ASo2zpVdfdRifhTgX2KTU3B/sO/TTlZchp7E3S4vjRzDJ7L60KmrCPsQkVK3lEF3cz36XQ==",
      "requires": {
        "@types/unist": "^2.0.0",
        "unist-util-is": "^4.0.0",
        "unist-util-visit-parents": "^3.0.0"
      }
    },
    "unist-util-visit-parents": {
      "version": "3.0.2",
      "resolved": "https://registry.npmjs.org/unist-util-visit-parents/-/unist-util-visit-parents-3.0.2.tgz",
      "integrity": "sha512-yJEfuZtzFpQmg1OSCyS9M5NJRrln/9FbYosH3iW0MG402QbdbaB8ZESwUv9RO6nRfLAKvWcMxCwdLWOov36x/g==",
      "requires": {
        "@types/unist": "^2.0.0",
        "unist-util-is": "^4.0.0"
      }
    },
    "window-size": {
      "version": "0.1.4",
      "resolved": "https://registry.npmjs.org/window-size/-/window-size-0.1.4.tgz",
      "integrity": "sha1-+OGqHuWlPsW/FR/6CXQqatdpeHY=",
      "dev": true
    },
    "wrap-ansi": {
      "version": "2.1.0",
      "resolved": "https://registry.npmjs.org/wrap-ansi/-/wrap-ansi-2.1.0.tgz",
      "integrity": "sha1-2Pw9KE3QV5T+hJc8rs3Rz4JP3YU=",
      "dev": true,
      "requires": {
        "string-width": "^1.0.1",
        "strip-ansi": "^3.0.1"
      }
    },
    "wrappy": {
      "version": "1.0.2",
      "resolved": "https://registry.npmjs.org/wrappy/-/wrappy-1.0.2.tgz",
      "integrity": "sha1-tSQ9jz7BqjXxNkYFvA0QNuMKtp8=",
      "dev": true
    },
    "y18n": {
      "version": "3.2.1",
      "resolved": "https://registry.npmjs.org/y18n/-/y18n-3.2.1.tgz",
      "integrity": "sha1-bRX7qITAhnnA136I53WegR4H+kE=",
      "dev": true
    },
    "yargs": {
      "version": "3.32.0",
      "resolved": "https://registry.npmjs.org/yargs/-/yargs-3.32.0.tgz",
      "integrity": "sha1-AwiOnr+edWtpdRYR0qXvWRSCyZU=",
      "dev": true,
      "requires": {
        "camelcase": "^2.0.1",
        "cliui": "^3.0.3",
        "decamelize": "^1.1.1",
        "os-locale": "^1.4.0",
        "string-width": "^1.0.1",
        "window-size": "^0.1.4",
        "y18n": "^3.2.0"
      }
    }
  }
}
