lockfileVersion: 5.3

specifiers:
  lodash: ^4.17.21
  parse-numeric-range: ^1.2.0
  prismjs: ^1.23.0
  projectz: ^2.18.0
  unist-util-visit: ^3.1.0

dependencies:
  lodash: 4.17.21
  parse-numeric-range: 1.2.0
  prismjs: 1.23.0
  unist-util-visit: 3.1.0

devDependencies:
  projectz: 2.18.0

packages:

  /@bevry/ansi/2.1.0:
    resolution: {integrity: sha512-jkTQzUdapAkusrgZUAOS2vBoUO5Taz+8hzaOrzj7e7XlUDfUZtygS6K8Ou0xkdb59OSL2IAnO6FEx4rTRAPSnQ==}
    engines: {node: '>=4'}
    dev: true

  /@types/unist/2.0.3:
    resolution: {integrity: sha512-FvUupuM3rlRsRtCN+fDudtmytGO6iHJuuRKS1Ss0pG5z8oX0diNEw94UEL7hgDbpN94rgaK5R7sWm6RrSkZuAQ==}
    dev: false

  /badges/4.24.0:
    resolution: {integrity: sha512-4D9NU9TYBkce87afB+FTOdf4O5pAnrg7hYVqY37OQT/qAFclfi6LQ2kW3hIJQxS2p7I9uw//N2SDaH121QOuGg==}
    engines: {node: '>=10'}
    dev: true

  /caterpillar/6.6.0:
    resolution: {integrity: sha512-IWK7YOOURXf6ZB+8o9zZoj+5cwZmoKMjLkE0ec7iS6BOAJJ/UmfnvyTL2iYTYTS6dnsCvaFs/o258RVoRamG0Q==}
    engines: {node: '>=10'}
    dependencies:
      '@bevry/ansi': 2.1.0
      editions: 6.1.0
      get-current-line: 6.3.0
      rfc-log-levels: 3.15.0
    dev: true

  /clipboard/2.0.8:
    resolution: {integrity: sha512-Y6WO0unAIQp5bLmk1zdThRhgJt/x3ks6f30s3oE3H1mgIEU33XyQjEf8gsf6DxC7NPX8Y1SsNWjUjL/ywLnnbQ==}
    dependencies:
      good-listener: 1.2.2
      select: 1.1.2
      tiny-emitter: 2.1.0
    dev: false
    optional: true

  /coffeescript/1.12.7:
    resolution: {integrity: sha512-pLXHFxQMPklVoEekowk8b3erNynC+DVJzChxS/LCBBgR6/8AJkHivkm//zbowcfc7BTCAjryuhx6gPqPRfsFoA==}
    engines: {node: '>=0.8.0'}
    hasBin: true
    dev: true

  /cson-parser/4.0.9:
    resolution: {integrity: sha512-I79SAcCYquWnEfXYj8hBqOOWKj6eH6zX1hhX3yqmS4K3bYp7jME3UFpHPzu3rUew0oyfc0s8T6IlWGXRAheHag==}
    engines: {node: '>=10.13'}
    dependencies:
      coffeescript: 1.12.7
    dev: true

  /delegate/3.2.0:
    resolution: {integrity: sha512-IofjkYBZaZivn0V8nnsMJGBr4jVLxHDheKSW88PyxS5QC4Vo9ZbZVvhzlSxY87fVq3STR6r+4cGepyHkcWOQSw==}
    dev: false
    optional: true

  /editions/6.1.0:
    resolution: {integrity: sha512-h6nWEyIocfgho9J3sTSuhU/WoFOu1hTX75rPBebNrbF38Y9QFDjCDizYXdikHTySW7Y3mSxli8bpDz9RAtc7rA==}
    engines: {node: '>=4'}
    dependencies:
      errlop: 4.1.0
      version-range: 1.1.0
    dev: true

  /errlop/4.1.0:
    resolution: {integrity: sha512-vul6gGBuVt0M2TPi1/WrcL86+Hb3Q2Tpu3TME3sbVhZrYf7J1ZMHCodI25RQKCVurh56qTfvgM0p3w5cT4reSQ==}
    engines: {node: '>=4'}
    dev: true

  /fellow/6.21.0:
    resolution: {integrity: sha512-TiQRJI2kfdlLM6PPGc/Mkjhq/1AYEDw4DUfLD4ZaGnS92hUlt7V/0SMmg24shAVKJISyyq72wWsjMrLsrIwopw==}
    engines: {node: '>=10'}
    dev: true

  /get-cli-arg/6.8.0:
    resolution: {integrity: sha512-ydZMbzEaS36OCsTfrTrkG8Bp0T772Riirr99HEAU9oBKSy1Fi9/WmtQYFTgjY9/1d/1apAJeA5FN6chtVUG5TQ==}
    engines: {node: '>=10'}
    dependencies:
      normalify: 2.21.0
    dev: true

  /get-current-line/6.3.0:
    resolution: {integrity: sha512-BaSlXSJxaWfR8Zk4uqTVl5Mn85iSfDG3i3Fw6t/xccQzn+G83UW5rirXxINJb8Ifqm6QfL3GZNxWAJksQtwo8g==}
    engines: {node: '>=10'}
    dev: true

  /good-listener/1.2.2:
    resolution: {integrity: sha1-1TswzfkxPf+33JoNR3CWqm0UXFA=}
    dependencies:
      delegate: 3.2.0
    dev: false
    optional: true

  /lodash/4.17.21:
    resolution: {integrity: sha512-v2kDEe57lecTulaDIuNTPy3Ry4gLGJ6Z1O3vE1krgXZNrsQ+LFTGHVxVjcXPs17LhbZVGedAJv8XZ1tvj5FvSg==}
    dev: false

  /normalify/2.21.0:
    resolution: {integrity: sha512-zPKUQOQW3Qe95iR7ldD7z0JEil/h5hBjs4m+x12xRYym+TerHRp+zpVSSvlbO2MlRrrCPyI4RevTK1N4/CT0EQ==}
    engines: {node: '>=10'}
    dev: true

  /parse-numeric-range/1.2.0:
    resolution: {integrity: sha512-1q2tXpAOplPxcl8vrIGPWz1dJxxfmdRkCFcpxxMBerDnGuuHalOWF/xj9L8Nn5XoTUoB/6F0CeQBp2fMgkOYFg==}
    dev: false

  /prismjs/1.23.0:
    resolution: {integrity: sha512-c29LVsqOaLbBHuIbsTxaKENh1N2EQBOHaWv7gkHN4dgRbxSREqDnDbtFJYdpPauS4YCplMSNCABQ6Eeor69bAA==}
    optionalDependencies:
      clipboard: 2.0.8
    dev: false

  /projectz/2.18.0:
    resolution: {integrity: sha512-eJkfkesMO15wmX4PbbYq6DNOKWq0C732tdtq88jDBwHysjz5RESKVS/lf+wuJsttSxFaFN4tnGFMTg/P8BUrfQ==}
    engines: {node: '>=14'}
    hasBin: true
    dependencies:
      badges: 4.24.0
      caterpillar: 6.6.0
      cson-parser: 4.0.9
      errlop: 4.1.0
      fellow: 6.21.0
      get-cli-arg: 6.8.0
      spdx-expression-parse: 3.0.1
      spdx-license-list: 6.4.0
      typechecker: 7.17.0
    dev: true

  /rfc-log-levels/3.15.0:
    resolution: {integrity: sha512-y1M81315Ax04MHwT3c4c+w3r06lH1WUttHFaqf8Y+AeX2Kb7omawt9sWjlJoHY5k6O1ELNeRIu2A8BguVZBdVg==}
    engines: {node: '>=10'}
    dev: true

  /select/1.1.2:
    resolution: {integrity: sha1-DnNQrN7ICxEIUoeG7B1EGNEbOW0=}
    dev: false
    optional: true

  /spdx-exceptions/2.3.0:
    resolution: {integrity: sha512-/tTrYOC7PPI1nUAgx34hUpqXuyJG+DTHJTnIULG4rDygi4xu/tfgmq1e1cIRwRzwZgo4NLySi+ricLkZkw4i5A==}
    dev: true

  /spdx-expression-parse/3.0.1:
    resolution: {integrity: sha512-cbqHunsQWnJNE6KhVSMsMeH5H/L9EpymbzqTQ3uLwNCLZ1Q481oWaofqH7nO6V07xlXwY6PhQdQ2IedWx/ZK4Q==}
    dependencies:
      spdx-exceptions: 2.3.0
      spdx-license-ids: 3.0.8
    dev: true

  /spdx-license-ids/3.0.8:
    resolution: {integrity: sha512-NDgA96EnaLSvtbM7trJj+t1LUR3pirkDCcz9nOUlPb5DMBGsH7oES6C3hs3j7R9oHEa1EMvReS/BUAIT5Tcr0g==}
    dev: true

  /spdx-license-list/6.4.0:
    resolution: {integrity: sha512-4BxgJ1IZxTJuX1YxMGu2cRYK46Bk9zJNTK2/R0wNZR0cm+6SVl26/uG7FQmQtxoJQX1uZ0EpTi2L7zvMLboaBA==}
    engines: {node: '>=8'}
    dev: true

  /tiny-emitter/2.1.0:
    resolution: {integrity: sha512-NB6Dk1A9xgQPMoGqC5CVXn123gWyte215ONT5Pp5a0yt4nlEoO1ZWeCwpncaekPHXO60i47ihFnZPiRPjRMq4Q==}
    dev: false
    optional: true

  /typechecker/7.17.0:
    resolution: {integrity: sha512-WLoVJD+vQ5EtFtqaUmz0Yx1cybSgP7ncuErhfRWIhr/uRV4usfri8rAD1ZTGXylVGOfUeIw5s3ICsqI6FAwU6Q==}
    engines: {node: '>=10'}
    dev: true

  /unist-util-is/5.1.0:
    resolution: {integrity: sha512-pWspZ+AvTqYbC+xWeRmzGqbcY8Na08Eowlfs2xchWTYot8vBBAq+syrE/LWS0bw1D/JOu4lwzDbEb6Mz13tK+g==}
    dev: false

  /unist-util-visit-parents/4.1.1:
    resolution: {integrity: sha512-1xAFJXAKpnnJl8G7K5KgU7FY55y3GcLIXqkzUj5QF/QVP7biUm0K0O2oqVkYsdjzJKifYeWn9+o6piAK2hGSHw==}
    dependencies:
      '@types/unist': 2.0.3
      unist-util-is: 5.1.0
    dev: false

  /unist-util-visit/3.1.0:
    resolution: {integrity: sha512-Szoh+R/Ll68QWAyQyZZpQzZQm2UPbxibDvaY8Xc9SUtYgPsDzx5AWSk++UUt2hJuow8mvwR+rG+LQLw+KsuAKA==}
    dependencies:
      '@types/unist': 2.0.3
      unist-util-is: 5.1.0
      unist-util-visit-parents: 4.1.1
    dev: false

  /version-compare/1.1.0:
    resolution: {integrity: sha512-zVKtPOJTC9x23lzS4+4D7J+drq80BXVYAmObnr5zqxxFVH7OffJ1lJlAS7LYsQNV56jx/wtbw0UV7XHLrvd6kQ==}
    engines: {node: '>=4'}
    dev: true

  /version-range/1.1.0:
    resolution: {integrity: sha512-R1Ggfg2EXamrnrV3TkZ6yBNgITDbclB3viwSjbZ3+eK0VVNK4ajkYJTnDz5N0bIMYDtK9MUBvXJUnKO5RWWJ6w==}
    engines: {node: '>=4'}
    dependencies:
      version-compare: 1.1.0
    dev: true
