# THIS IS AN AUTOGENERATED FILE. DO NOT EDIT THIS FILE DIRECTLY.
# yarn lockfile v1


"@types/unist@^2.0.0":
  version "2.0.3"
  resolved "https://registry.yarnpkg.com/@types/unist/-/unist-2.0.3.tgz#9c088679876f374eb5983f150d4787aa6fb32d7e"
  integrity sha512-FvUupuM3rlRsRtCN+fDudtmytGO6iHJuuRKS1Ss0pG5z8oX0diNEw94UEL7hgDbpN94rgaK5R7sWm6RrSkZuAQ==

clipboard@^2.0.0:
  version "2.0.4"
  resolved "https://registry.yarnpkg.com/clipboard/-/clipboard-2.0.4.tgz#836dafd66cf0fea5d71ce5d5b0bf6e958009112d"
  integrity sha512-Vw26VSLRpJfBofiVaFb/I8PVfdI1OxKcYShe6fm0sP/DtmiWQNCjhM/okTvdCo0G+lMMm1rMYbk4IK4x1X+kgQ==
  dependencies:
    good-listener "^1.2.2"
    select "^1.1.2"
    tiny-emitter "^2.0.0"

delegate@^3.1.2:
  version "3.2.0"
  resolved "https://registry.yarnpkg.com/delegate/-/delegate-3.2.0.tgz#b66b71c3158522e8ab5744f720d8ca0c2af59166"
  integrity sha512-IofjkYBZaZivn0V8nnsMJGBr4jVLxHDheKSW88PyxS5QC4Vo9ZbZVvhzlSxY87fVq3STR6r+4cGepyHkcWOQSw==

good-listener@^1.2.2:
  version "1.2.2"
  resolved "https://registry.yarnpkg.com/good-listener/-/good-listener-1.2.2.tgz#d53b30cdf9313dffb7dc9a0d477096aa6d145c50"
  integrity sha1-1TswzfkxPf+33JoNR3CWqm0UXFA=
  dependencies:
    delegate "^3.1.2"

lodash@^4.17.15:
  version "4.17.15"
  resolved "https://registry.yarnpkg.com/lodash/-/lodash-4.17.15.tgz#b447f6670a0455bbfeedd11392eff330ea097548"
  integrity sha512-8xOcRHvCjnocdS5cpwXQXVzmmh5e5+saE2QGoeQmbKmRS6J3VQppPOIt0MnmE+4xlZoumy0GPG0D0MVIQbNA1A==

parse-numeric-range@^0.0.2:
  version "0.0.2"
  resolved "https://registry.yarnpkg.com/parse-numeric-range/-/parse-numeric-range-0.0.2.tgz#b4f09d413c7adbcd987f6e9233c7b4b210c938e4"
  integrity sha1-tPCdQTx6282Yf26SM8e0shDJOOQ=

prismjs@^1.19.0:
  version "1.19.0"
  resolved "https://registry.yarnpkg.com/prismjs/-/prismjs-1.19.0.tgz#713afbd45c3baca4b321569f2df39e17e729d4dc"
  integrity sha512-IVFtbW9mCWm9eOIaEkNyo2Vl4NnEifis2GQ7/MLRG5TQe6t+4Sj9J5QWI9i3v+SS43uZBlCAOn+zYTVYQcPXJw==
  optionalDependencies:
    clipboard "^2.0.0"

select@^1.1.2:
  version "1.1.2"
  resolved "https://registry.yarnpkg.com/select/-/select-1.1.2.tgz#0e7350acdec80b1108528786ec1d4418d11b396d"
  integrity sha1-DnNQrN7ICxEIUoeG7B1EGNEbOW0=

tiny-emitter@^2.0.0:
  version "2.1.0"
  resolved "https://registry.yarnpkg.com/tiny-emitter/-/tiny-emitter-2.1.0.tgz#1d1a56edfc51c43e863cbb5382a72330e3555423"
  integrity sha512-NB6Dk1A9xgQPMoGqC5CVXn123gWyte215ONT5Pp5a0yt4nlEoO1ZWeCwpncaekPHXO60i47ihFnZPiRPjRMq4Q==

unist-util-is@^4.0.0:
  version "4.0.1"
  resolved "https://registry.yarnpkg.com/unist-util-is/-/unist-util-is-4.0.1.tgz#ae3e39b9ad1b138c8e3b9d2f4658ad0031be4610"
  integrity sha512-7NYjErP4LJtkEptPR22wO5RsCPnHZZrop7t2SoQzjvpFedCFer4WW8ujj9GI5DkUX7yVcffXLjoURf6h2QUv6Q==

unist-util-visit-parents@^3.0.0:
  version "3.0.1"
  resolved "https://registry.yarnpkg.com/unist-util-visit-parents/-/unist-util-visit-parents-3.0.1.tgz#666883dc8684c6eec04a7e9781cdcd8b4888319f"
  integrity sha512-umEOTkm6/y1gIqPrqet55mYqlvGXCia/v1FSc5AveLAI7jFmOAIbqiwcHcviLcusAkEQt1bq2hixCKO9ltMb2Q==
  dependencies:
    "@types/unist" "^2.0.0"
    unist-util-is "^4.0.0"

unist-util-visit@^2.0.1:
  version "2.0.1"
  resolved "https://registry.yarnpkg.com/unist-util-visit/-/unist-util-visit-2.0.1.tgz#b4e1c1cb414250c6b3cb386b8e461d79312108ae"
  integrity sha512-bEDa5S/O8WRDeI1mLaMoKuFFi89AjF+UAoMNxO+bbVdo06q+53Vhq4iiv1PenL6Rx1ZxIpXIzqZoc5HD2I1oMA==
  dependencies:
    "@types/unist" "^2.0.0"
    unist-util-is "^4.0.0"
    unist-util-visit-parents "^3.0.0"
